
Microsoft Visual Studio Solution File, Format Version 12.00
# Visual Studio 14
VisualStudioVersion = 14.0.25420.1
MinimumVisualStudioVersion = 10.0.40219.1
Project("{FAE04EC0-301F-11D3-BF4B-00C04F79EFBC}") = "WeatherStationClient", "WeatherStationClient\WeatherStationClient.csproj", "{4E3525C8-E87C-4C9D-9280-D596E31B94F3}"
EndProject
Project("{FAE04EC0-301F-11D3-BF4B-00C04F79EFBC}") = "WeatherStationServer", "WeatherStationServer\WeatherStationServer.csproj", "{082993F5-072E-4AB4-A308-434557056647}"
EndProject
Project("{FAE04EC0-301F-11D3-BF4B-00C04F79EFBC}") = "ApiDtos", "ApiDtos\ApiDtos.csproj", "{49DA2DDB-8BE5-4D5F-AE87-528E96C8E4FD}"
EndProject
Global
	GlobalSection(SolutionConfigurationPlatforms) = preSolution
		Debug|Any CPU = Debug|Any CPU
		Release|Any CPU = Release|Any CPU
	EndGlobalSection
	GlobalSection(ProjectConfigurationPlatforms) = postSolution
		{4E3525C8-E87C-4C9D-9280-D596E31B94F3}.Debug|Any CPU.ActiveCfg = Debug|Any CPU
		{4E3525C8-E87C-4C9D-9280-D596E31B94F3}.Debug|Any CPU.Build.0 = Debug|Any CPU
		{4E3525C8-E87C-4C9D-9280-D596E31B94F3}.Release|Any CPU.ActiveCfg = Release|Any CPU
		{4E3525C8-E87C-4C9D-9280-D596E31B94F3}.Release|Any CPU.Build.0 = Release|Any CPU
		{082993F5-072E-4AB4-A308-434557056647}.Debug|Any CPU.ActiveCfg = Debug|Any CPU
		{082993F5-072E-4AB4-A308-434557056647}.Debug|Any CPU.Build.0 = Debug|Any CPU
		{082993F5-072E-4AB4-A308-434557056647}.Release|Any CPU.ActiveCfg = Release|Any CPU
		{082993F5-072E-4AB4-A308-434557056647}.Release|Any CPU.Build.0 = Release|Any CPU
		{49DA2DDB-8BE5-4D5F-AE87-528E96C8E4FD}.Debug|Any CPU.ActiveCfg = Debug|Any CPU
		{49DA2DDB-8BE5-4D5F-AE87-528E96C8E4FD}.Debug|Any CPU.Build.0 = Debug|Any CPU
		{49DA2DDB-8BE5-4D5F-AE87-528E96C8E4FD}.Release|Any CPU.ActiveCfg = Release|Any CPU
		{49DA2DDB-8BE5-4D5F-AE87-528E96C8E4FD}.Release|Any CPU.Build.0 = Release|Any CPU
	EndGlobalSection
	GlobalSection(SolutionProperties) = preSolution
		HideSolutionNode = FALSE
	EndGlobalSection
EndGlobal
